// !$*UTF8*$!
{
	archiveVersion = 1;
	classes = {
	};
	objectVersion = 46;
	objects = {

/* Begin PBXBuildFile section */
		2E03440E1E2629BF0010AC04 /* KeyValueStackView.swift in Sources */ = {isa = PBXBuildFile; fileRef = 2E03440D1E2629BF0010AC04 /* KeyValueStackView.swift */; };
		2E48F0C91E23CBAD0038E83A /* AppDelegate.swift in Sources */ = {isa = PBXBuildFile; fileRef = 2E48F0C81E23CBAD0038E83A /* AppDelegate.swift */; };
		2E48F0CB1E23CBAD0038E83A /* ViewController.swift in Sources */ = {isa = PBXBuildFile; fileRef = 2E48F0CA1E23CBAD0038E83A /* ViewController.swift */; };
		2E48F0CE1E23CBAD0038E83A /* Main.storyboard in Resources */ = {isa = PBXBuildFile; fileRef = 2E48F0CC1E23CBAD0038E83A /* Main.storyboard */; };
		2E48F0D01E23CBAD0038E83A /* Assets.xcassets in Resources */ = {isa = PBXBuildFile; fileRef = 2E48F0CF1E23CBAD0038E83A /* Assets.xcassets */; };
		2E48F0D31E23CBAD0038E83A /* LaunchScreen.storyboard in Resources */ = {isa = PBXBuildFile; fileRef = 2E48F0D11E23CBAD0038E83A /* LaunchScreen.storyboard */; };
		2E48F0DE1E23CBAD0038E83A /* workshop1Tests.swift in Sources */ = {isa = PBXBuildFile; fileRef = 2E48F0DD1E23CBAD0038E83A /* workshop1Tests.swift */; };
		2E48F0E91E23CBAD0038E83A /* workshop1UITests.swift in Sources */ = {isa = PBXBuildFile; fileRef = 2E48F0E81E23CBAD0038E83A /* workshop1UITests.swift */; };
		2E48F0F71E23CED00038E83A /* ViewModel.swift in Sources */ = {isa = PBXBuildFile; fileRef = 2E48F0F61E23CED00038E83A /* ViewModel.swift */; };
/* End PBXBuildFile section */

/* Begin PBXContainerItemProxy section */
		2E48F0DA1E23CBAD0038E83A /* PBXContainerItemProxy */ = {
			isa = PBXContainerItemProxy;
			containerPortal = 2E48F0BD1E23CBAD0038E83A /* Project object */;
			proxyType = 1;
			remoteGlobalIDString = 2E48F0C41E23CBAD0038E83A;
			remoteInfo = workshop1;
		};
		2E48F0E51E23CBAD0038E83A /* PBXContainerItemProxy */ = {
			isa = PBXContainerItemProxy;
			containerPortal = 2E48F0BD1E23CBAD0038E83A /* Project object */;
			proxyType = 1;
			remoteGlobalIDString = 2E48F0C41E23CBAD0038E83A;
			remoteInfo = workshop1;
		};
/* End PBXContainerItemProxy section */

/* Begin PBXFileReference section */
		2E03440D1E2629BF0010AC04 /* KeyValueStackView.swift */ = {isa = PBXFileReference; fileEncoding = 4; lastKnownFileType = sourcecode.swift; path = KeyValueStackView.swift; sourceTree = "<group>"; };
		2E48F0C51E23CBAD0038E83A /* workshop1.app */ = {isa = PBXFileReference; explicitFileType = wrapper.application; includeInIndex = 0; path = workshop1.app; sourceTree = BUILT_PRODUCTS_DIR; };
		2E48F0C81E23CBAD0038E83A /* AppDelegate.swift */ = {isa = PBXFileReference; lastKnownFileType = sourcecode.swift; path = AppDelegate.swift; sourceTree = "<group>"; };
		2E48F0CA1E23CBAD0038E83A /* ViewController.swift */ = {isa = PBXFileReference; lastKnownFileType = sourcecode.swift; path = ViewController.swift; sourceTree = "<group>"; };
		2E48F0CD1E23CBAD0038E83A /* Base */ = {isa = PBXFileReference; lastKnownFileType = file.storyboard; name = Base; path = Base.lproj/Main.storyboard; sourceTree = "<group>"; };
		2E48F0CF1E23CBAD0038E83A /* Assets.xcassets */ = {isa = PBXFileReference; lastKnownFileType = folder.assetcatalog; path = Assets.xcassets; sourceTree = "<group>"; };
		2E48F0D21E23CBAD0038E83A /* Base */ = {isa = PBXFileReference; lastKnownFileType = file.storyboard; name = Base; path = Base.lproj/LaunchScreen.storyboard; sourceTree = "<group>"; };
		2E48F0D41E23CBAD0038E83A /* Info.plist */ = {isa = PBXFileReference; lastKnownFileType = text.plist.xml; path = Info.plist; sourceTree = "<group>"; };
		2E48F0D91E23CBAD0038E83A /* workshop1Tests.xctest */ = {isa = PBXFileReference; explicitFileType = wrapper.cfbundle; includeInIndex = 0; path = workshop1Tests.xctest; sourceTree = BUILT_PRODUCTS_DIR; };
		2E48F0DD1E23CBAD0038E83A /* workshop1Tests.swift */ = {isa = PBXFileReference; lastKnownFileType = sourcecode.swift; path = workshop1Tests.swift; sourceTree = "<group>"; };
		2E48F0DF1E23CBAD0038E83A /* Info.plist */ = {isa = PBXFileReference; lastKnownFileType = text.plist.xml; path = Info.plist; sourceTree = "<group>"; };
		2E48F0E41E23CBAD0038E83A /* workshop1UITests.xctest */ = {isa = PBXFileReference; explicitFileType = wrapper.cfbundle; includeInIndex = 0; path = workshop1UITests.xctest; sourceTree = BUILT_PRODUCTS_DIR; };
		2E48F0E81E23CBAD0038E83A /* workshop1UITests.swift */ = {isa = PBXFileReference; lastKnownFileType = sourcecode.swift; path = workshop1UITests.swift; sourceTree = "<group>"; };
		2E48F0EA1E23CBAD0038E83A /* Info.plist */ = {isa = PBXFileReference; lastKnownFileType = text.plist.xml; path = Info.plist; sourceTree = "<group>"; };
		2E48F0F61E23CED00038E83A /* ViewModel.swift */ = {isa = PBXFileReference; fileEncoding = 4; lastKnownFileType = sourcecode.swift; path = ViewModel.swift; sourceTree = "<group>"; };
/* End PBXFileReference section */

/* Begin PBXFrameworksBuildPhase section */
		2E48F0C21E23CBAD0038E83A /* Frameworks */ = {
			isa = PBXFrameworksBuildPhase;
			buildActionMask = 2147483647;
			files = (
			);
			runOnlyForDeploymentPostprocessing = 0;
		};
		2E48F0D61E23CBAD0038E83A /* Frameworks */ = {
			isa = PBXFrameworksBuildPhase;
			buildActionMask = 2147483647;
			files = (
			);
			runOnlyForDeploymentPostprocessing = 0;
		};
		2E48F0E11E23CBAD0038E83A /* Frameworks */ = {
			isa = PBXFrameworksBuildPhase;
			buildActionMask = 2147483647;
			files = (
			);
			runOnlyForDeploymentPostprocessing = 0;
		};
/* End PBXFrameworksBuildPhase section */

/* Begin PBXGroup section */
		2E48F0BC1E23CBAD0038E83A = {
			isa = PBXGroup;
			children = (
				2E48F0C71E23CBAD0038E83A /* workshop1 */,
				2E48F0DC1E23CBAD0038E83A /* workshop1Tests */,
				2E48F0E71E23CBAD0038E83A /* workshop1UITests */,
				2E48F0C61E23CBAD0038E83A /* Products */,
			);
			sourceTree = "<group>";
		};
		2E48F0C61E23CBAD0038E83A /* Products */ = {
			isa = PBXGroup;
			children = (
				2E48F0C51E23CBAD0038E83A /* workshop1.app */,
				2E48F0D91E23CBAD0038E83A /* workshop1Tests.xctest */,
				2E48F0E41E23CBAD0038E83A /* workshop1UITests.xctest */,
			);
			name = Products;
			sourceTree = "<group>";
		};
		2E48F0C71E23CBAD0038E83A /* workshop1 */ = {
			isa = PBXGroup;
			children = (
				2E48F0C81E23CBAD0038E83A /* AppDelegate.swift */,
				2E48F0CA1E23CBAD0038E83A /* ViewController.swift */,
				2E48F0F61E23CED00038E83A /* ViewModel.swift */,
				2E48F0CC1E23CBAD0038E83A /* Main.storyboard */,
				2E48F0CF1E23CBAD0038E83A /* Assets.xcassets */,
				2E48F0D11E23CBAD0038E83A /* LaunchScreen.storyboard */,
				2E48F0D41E23CBAD0038E83A /* Info.plist */,
				2E03440D1E2629BF0010AC04 /* KeyValueStackView.swift */,
			);
			path = workshop1;
			sourceTree = "<group>";
		};
		2E48F0DC1E23CBAD0038E83A /* workshop1Tests */ = {
			isa = PBXGroup;
			children = (
				2E48F0DD1E23CBAD0038E83A /* workshop1Tests.swift */,
				2E48F0DF1E23CBAD0038E83A /* Info.plist */,
			);
			path = workshop1Tests;
			sourceTree = "<group>";
		};
		2E48F0E71E23CBAD0038E83A /* workshop1UITests */ = {
			isa = PBXGroup;
			children = (
				2E48F0E81E23CBAD0038E83A /* workshop1UITests.swift */,
				2E48F0EA1E23CBAD0038E83A /* Info.plist */,
			);
			path = workshop1UITests;
			sourceTree = "<group>";
		};
/* End PBXGroup section */

/* Begin PBXNativeTarget section */
		2E48F0C41E23CBAD0038E83A /* workshop1 */ = {
			isa = PBXNativeTarget;
			buildConfigurationList = 2E48F0ED1E23CBAD0038E83A /* Build configuration list for PBXNativeTarget "workshop1" */;
			buildPhases = (
				2E48F0C11E23CBAD0038E83A /* Sources */,
				2E48F0C21E23CBAD0038E83A /* Frameworks */,
				2E48F0C31E23CBAD0038E83A /* Resources */,
			);
			buildRules = (
			);
			dependencies = (
			);
			name = workshop1;
			productName = workshop1;
			productReference = 2E48F0C51E23CBAD0038E83A /* workshop1.app */;
			productType = "com.apple.product-type.application";
		};
		2E48F0D81E23CBAD0038E83A /* workshop1Tests */ = {
			isa = PBXNativeTarget;
			buildConfigurationList = 2E48F0F01E23CBAD0038E83A /* Build configuration list for PBXNativeTarget "workshop1Tests" */;
			buildPhases = (
				2E48F0D51E23CBAD0038E83A /* Sources */,
				2E48F0D61E23CBAD0038E83A /* Frameworks */,
				2E48F0D71E23CBAD0038E83A /* Resources */,
			);
			buildRules = (
			);
			dependencies = (
				2E48F0DB1E23CBAD0038E83A /* PBXTargetDependency */,
			);
			name = workshop1Tests;
			productName = workshop1Tests;
			productReference = 2E48F0D91E23CBAD0038E83A /* workshop1Tests.xctest */;
			productType = "com.apple.product-type.bundle.unit-test";
		};
		2E48F0E31E23CBAD0038E83A /* workshop1UITests */ = {
			isa = PBXNativeTarget;
			buildConfigurationList = 2E48F0F31E23CBAD0038E83A /* Build configuration list for PBXNativeTarget "workshop1UITests" */;
			buildPhases = (
				2E48F0E01E23CBAD0038E83A /* Sources */,
				2E48F0E11E23CBAD0038E83A /* Frameworks */,
				2E48F0E21E23CBAD0038E83A /* Resources */,
			);
			buildRules = (
			);
			dependencies = (
				2E48F0E61E23CBAD0038E83A /* PBXTargetDependency */,
			);
			name = workshop1UITests;
			productName = workshop1UITests;
			productReference = 2E48F0E41E23CBAD0038E83A /* workshop1UITests.xctest */;
			productType = "com.apple.product-type.bundle.ui-testing";
		};
/* End PBXNativeTarget section */

/* Begin PBXProject section */
		2E48F0BD1E23CBAD0038E83A /* Project object */ = {
			isa = PBXProject;
			attributes = {
				LastSwiftUpdateCheck = 0810;
				LastUpgradeCheck = 0810;
				ORGANIZATIONNAME = "Wei Fan";
				TargetAttributes = {
					2E48F0C41E23CBAD0038E83A = {
						CreatedOnToolsVersion = 8.1;
						DevelopmentTeam = 25EZUPR5QA;
						ProvisioningStyle = Automatic;
					};
					2E48F0D81E23CBAD0038E83A = {
						CreatedOnToolsVersion = 8.1;
						DevelopmentTeam = 25EZUPR5QA;
						ProvisioningStyle = Automatic;
						TestTargetID = 2E48F0C41E23CBAD0038E83A;
					};
					2E48F0E31E23CBAD0038E83A = {
						CreatedOnToolsVersion = 8.1;
						DevelopmentTeam = 25EZUPR5QA;
						ProvisioningStyle = Automatic;
						TestTargetID = 2E48F0C41E23CBAD0038E83A;
					};
				};
			};
			buildConfigurationList = 2E48F0C01E23CBAD0038E83A /* Build configuration list for PBXProject "workshop1" */;
			compatibilityVersion = "Xcode 3.2";
			developmentRegion = English;
			hasScannedForEncodings = 0;
			knownRegions = (
				en,
				Base,
			);
			mainGroup = 2E48F0BC1E23CBAD0038E83A;
			productRefGroup = 2E48F0C61E23CBAD0038E83A /* Products */;
			projectDirPath = "";
			projectRoot = "";
			targets = (
				2E48F0C41E23CBAD0038E83A /* workshop1 */,
				2E48F0D81E23CBAD0038E83A /* workshop1Tests */,
				2E48F0E31E23CBAD0038E83A /* workshop1UITests */,
			);
		};
/* End PBXProject section */

/* Begin PBXResourcesBuildPhase section */
		2E48F0C31E23CBAD0038E83A /* Resources */ = {
			isa = PBXResourcesBuildPhase;
			buildActionMask = 2147483647;
			files = (
				2E48F0D31E23CBAD0038E83A /* LaunchScreen.storyboard in Resources */,
				2E48F0D01E23CBAD0038E83A /* Assets.xcassets in Resources */,
				2E48F0CE1E23CBAD0038E83A /* Main.storyboard in Resources */,
			);
			runOnlyForDeploymentPostprocessing = 0;
		};
		2E48F0D71E23CBAD0038E83A /* Resources */ = {
			isa = PBXResourcesBuildPhase;
			buildActionMask = 2147483647;
			files = (
			);
			runOnlyForDeploymentPostprocessing = 0;
		};
		2E48F0E21E23CBAD0038E83A /* Resources */ = {
			isa = PBXResourcesBuildPhase;
			buildActionMask = 2147483647;
			files = (
			);
			runOnlyForDeploymentPostprocessing = 0;
		};
/* End PBXResourcesBuildPhase section */

/* Begin PBXSourcesBuildPhase section */
		2E48F0C11E23CBAD0038E83A /* Sources */ = {
			isa = PBXSourcesBuildPhase;
			buildActionMask = 2147483647;
			files = (
				2E48F0CB1E23CBAD0038E83A /* ViewController.swift in Sources */,
				2E03440E1E2629BF0010AC04 /* KeyValueStackView.swift in Sources */,
				2E48F0F71E23CED00038E83A /* ViewModel.swift in Sources */,
				2E48F0C91E23CBAD0038E83A /* AppDelegate.swift in Sources */,
			);
			runOnlyForDeploymentPostprocessing = 0;
		};
		2E48F0D51E23CBAD0038E83A /* Sources */ = {
			isa = PBXSourcesBuildPhase;
			buildActionMask = 2147483647;
			files = (
				2E48F0DE1E23CBAD0038E83A /* workshop1Tests.swift in Sources */,
			);
			runOnlyForDeploymentPostprocessing = 0;
		};
		2E48F0E01E23CBAD0038E83A /* Sources */ = {
			isa = PBXSourcesBuildPhase;
			buildActionMask = 2147483647;
			files = (
				2E48F0E91E23CBAD0038E83A /* workshop1UITests.swift in Sources */,
			);
			runOnlyForDeploymentPostprocessing = 0;
		};
/* End PBXSourcesBuildPhase section */

/* Begin PBXTargetDependency section */
		2E48F0DB1E23CBAD0038E83A /* PBXTargetDependency */ = {
			isa = PBXTargetDependency;
			target = 2E48F0C41E23CBAD0038E83A /* workshop1 */;
			targetProxy = 2E48F0DA1E23CBAD0038E83A /* PBXContainerItemProxy */;
		};
		2E48F0E61E23CBAD0038E83A /* PBXTargetDependency */ = {
			isa = PBXTargetDependency;
			target = 2E48F0C41E23CBAD0038E83A /* workshop1 */;
			targetProxy = 2E48F0E51E23CBAD0038E83A /* PBXContainerItemProxy */;
		};
/* End PBXTargetDependency section */

/* Begin PBXVariantGroup section */
		2E48F0CC1E23CBAD0038E83A /* Main.storyboard */ = {
			isa = PBXVariantGroup;
			children = (
				2E48F0CD1E23CBAD0038E83A /* Base */,
			);
			name = Main.storyboard;
			sourceTree = "<group>";
		};
		2E48F0D11E23CBAD0038E83A /* LaunchScreen.storyboard */ = {
			isa = PBXVariantGroup;
			children = (
				2E48F0D21E23CBAD0038E83A /* Base */,
			);
			name = LaunchScreen.storyboard;
			sourceTree = "<group>";
		};
/* End PBXVariantGroup section */

/* Begin XCBuildConfiguration section */
		2E48F0EB1E23CBAD0038E83A /* Debug */ = {
			isa = XCBuildConfiguration;
			buildSettings = {
				ALWAYS_SEARCH_USER_PATHS = NO;
				CLANG_ANALYZER_NONNULL = YES;
				CLANG_CXX_LANGUAGE_STANDARD = "gnu++0x";
				CLANG_CXX_LIBRARY = "libc++";
				CLANG_ENABLE_MODULES = YES;
				CLANG_ENABLE_OBJC_ARC = YES;
				CLANG_WARN_BOOL_CONVERSION = YES;
				CLANG_WARN_CONSTANT_CONVERSION = YES;
				CLANG_WARN_DIRECT_OBJC_ISA_USAGE = YES_ERROR;
				CLANG_WARN_DOCUMENTATION_COMMENTS = YES;
				CLANG_WARN_EMPTY_BODY = YES;
				CLANG_WARN_ENUM_CONVERSION = YES;
				CLANG_WARN_INFINITE_RECURSION = YES;
				CLANG_WARN_INT_CONVERSION = YES;
				CLANG_WARN_OBJC_ROOT_CLASS = YES_ERROR;
				CLANG_WARN_SUSPICIOUS_MOVES = YES;
				CLANG_WARN_UNREACHABLE_CODE = YES;
				CLANG_WARN__DUPLICATE_METHOD_MATCH = YES;
				"CODE_SIGN_IDENTITY[sdk=iphoneos*]" = "iPhone Developer";
				COPY_PHASE_STRIP = NO;
				DEBUG_INFORMATION_FORMAT = dwarf;
				ENABLE_STRICT_OBJC_MSGSEND = YES;
				ENABLE_TESTABILITY = YES;
				GCC_C_LANGUAGE_STANDARD = gnu99;
				GCC_DYNAMIC_NO_PIC = NO;
				GCC_NO_COMMON_BLOCKS = YES;
				GCC_OPTIMIZATION_LEVEL = 0;
				GCC_PREPROCESSOR_DEFINITIONS = (
					"DEBUG=1",
					"$(inherited)",
				);
				GCC_WARN_64_TO_32_BIT_CONVERSION = YES;
				GCC_WARN_ABOUT_RETURN_TYPE = YES_ERROR;
				GCC_WARN_UNDECLARED_SELECTOR = YES;
				GCC_WARN_UNINITIALIZED_AUTOS = YES_AGGRESSIVE;
				GCC_WARN_UNUSED_FUNCTION = YES;
				GCC_WARN_UNUSED_VARIABLE = YES;
				IPHONEOS_DEPLOYMENT_TARGET = 10.1;
				MTL_ENABLE_DEBUG_INFO = YES;
				ONLY_ACTIVE_ARCH = YES;
				SDKROOT = iphoneos;
				SWIFT_ACTIVE_COMPILATION_CONDITIONS = DEBUG;
				SWIFT_OPTIMIZATION_LEVEL = "-Onone";
			};
			name = Debug;
		};
		2E48F0EC1E23CBAD0038E83A /* Release */ = {
			isa = XCBuildConfiguration;
			buildSettings = {
				ALWAYS_SEARCH_USER_PATHS = NO;
				CLANG_ANALYZER_NONNULL = YES;
				CLANG_CXX_LANGUAGE_STANDARD = "gnu++0x";
				CLANG_CXX_LIBRARY = "libc++";
				CLANG_ENABLE_MODULES = YES;
				CLANG_ENABLE_OBJC_ARC = YES;
				CLANG_WARN_BOOL_CONVERSION = YES;
				CLANG_WARN_CONSTANT_CONVERSION = YES;
				CLANG_WARN_DIRECT_OBJC_ISA_USAGE = YES_ERROR;
				CLANG_WARN_DOCUMENTATION_COMMENTS = YES;
				CLANG_WARN_EMPTY_BODY = YES;
				CLANG_WARN_ENUM_CONVERSION = YES;
				CLANG_WARN_INFINITE_RECURSION = YES;
				CLANG_WARN_INT_CONVERSION = YES;
				CLANG_WARN_OBJC_ROOT_CLASS = YES_ERROR;
				CLANG_WARN_SUSPICIOUS_MOVES = YES;
				CLANG_WARN_UNREACHABLE_CODE = YES;
				CLANG_WARN__DUPLICATE_METHOD_MATCH = YES;
				"CODE_SIGN_IDENTITY[sdk=iphoneos*]" = "iPhone Developer";
				COPY_PHASE_STRIP = NO;
				DEBUG_INFORMATION_FORMAT = "dwarf-with-dsym";
				ENABLE_NS_ASSERTIONS = NO;
				ENABLE_STRICT_OBJC_MSGSEND = YES;
				GCC_C_LANGUAGE_STANDARD = gnu99;
				GCC_NO_COMMON_BLOCKS = YES;
				GCC_WARN_64_TO_32_BIT_CONVERSION = YES;
				GCC_WARN_ABOUT_RETURN_TYPE = YES_ERROR;
				GCC_WARN_UNDECLARED_SELECTOR = YES;
				GCC_WARN_UNINITIALIZED_AUTOS = YES_AGGRESSIVE;
				GCC_WARN_UNUSED_FUNCTION = YES;
				GCC_WARN_UNUSED_VARIABLE = YES;
				IPHONEOS_DEPLOYMENT_TARGET = 10.1;
				MTL_ENABLE_DEBUG_INFO = NO;
				SDKROOT = iphoneos;
				SWIFT_OPTIMIZATION_LEVEL = "-Owholemodule";
				VALIDATE_PRODUCT = YES;
			};
			name = Release;
		};
		2E48F0EE1E23CBAD0038E83A /* Debug */ = {
			isa = XCBuildConfiguration;
			buildSettings = {
				ASSETCATALOG_COMPILER_APPICON_NAME = AppIcon;
				DEVELOPMENT_TEAM = 25EZUPR5QA;
				INFOPLIST_FILE = workshop1/Info.plist;
				IPHONEOS_DEPLOYMENT_TARGET = 9.0;
				LD_RUNPATH_SEARCH_PATHS = "$(inherited) @executable_path/Frameworks";
				PRODUCT_BUNDLE_IDENTIFIER = com.none.workshop1;
				PRODUCT_NAME = "$(TARGET_NAME)";
				SWIFT_VERSION = 3.0;
			};
			name = Debug;
		};
		2E48F0EF1E23CBAD0038E83A /* Release */ = {
			isa = XCBuildConfiguration;
			buildSettings = {
				ASSETCATALOG_COMPILER_APPICON_NAME = AppIcon;
				DEVELOPMENT_TEAM = 25EZUPR5QA;
				INFOPLIST_FILE = workshop1/Info.plist;
				IPHONEOS_DEPLOYMENT_TARGET = 9.0;
				LD_RUNPATH_SEARCH_PATHS = "$(inherited) @executable_path/Frameworks";
				PRODUCT_BUNDLE_IDENTIFIER = com.none.workshop1;
				PRODUCT_NAME = "$(TARGET_NAME)";
				SWIFT_VERSION = 3.0;
			};
			name = Release;
		};
		2E48F0F11E23CBAD0038E83A /* Debug */ = {
			isa = XCBuildConfiguration;
			buildSettings = {
				ALWAYS_EMBED_SWIFT_STANDARD_LIBRARIES = YES;
				BUNDLE_LOADER = "$(TEST_HOST)";
				DEVELOPMENT_TEAM = 25EZUPR5QA;
				INFOPLIST_FILE = workshop1Tests/Info.plist;
				LD_RUNPATH_SEARCH_PATHS = "$(inherited) @executable_path/Frameworks @loader_path/Frameworks";
				PRODUCT_BUNDLE_IDENTIFIER = com.none.workshop1Tests;
				PRODUCT_NAME = "$(TARGET_NAME)";
				SWIFT_VERSION = 3.0;
				TEST_HOST = "$(BUILT_PRODUCTS_DIR)/workshop1.app/workshop1";
			};
			name = Debug;
		};
		2E48F0F21E23CBAD0038E83A /* Release */ = {
			isa = XCBuildConfiguration;
			buildSettings = {
				ALWAYS_EMBED_SWIFT_STANDARD_LIBRARIES = YES;
				BUNDLE_LOADER = "$(TEST_HOST)";
				DEVELOPMENT_TEAM = 25EZUPR5QA;
				INFOPLIST_FILE = workshop1Tests/Info.plist;
				LD_RUNPATH_SEARCH_PATHS = "$(inherited) @executable_path/Frameworks @loader_path/Frameworks";
				PRODUCT_BUNDLE_IDENTIFIER = com.none.workshop1Tests;
				PRODUCT_NAME = "$(TARGET_NAME)";
				SWIFT_VERSION = 3.0;
				TEST_HOST = "$(BUILT_PRODUCTS_DIR)/workshop1.app/workshop1";
			};
			name = Release;
		};
		2E48F0F41E23CBAD0038E83A /* Debug */ = {
			isa = XCBuildConfiguration;
			buildSettings = {
				ALWAYS_EMBED_SWIFT_STANDARD_LIBRARIES = YES;
				DEVELOPMENT_TEAM = 25EZUPR5QA;
				INFOPLIST_FILE = workshop1UITests/Info.plist;
				LD_RUNPATH_SEARCH_PATHS = "$(inherited) @executable_path/Frameworks @loader_path/Frameworks";
				PRODUCT_BUNDLE_IDENTIFIER = com.none.workshop1UITests;
				PRODUCT_NAME = "$(TARGET_NAME)";
				SWIFT_VERSION = 3.0;
				TEST_TARGET_NAME = workshop1;
			};
			name = Debug;
		};
		2E48F0F51E23CBAD0038E83A /* Release */ = {
			isa = XCBuildConfiguration;
			buildSettings = {
				ALWAYS_EMBED_SWIFT_STANDARD_LIBRARIES = YES;
				DEVELOPMENT_TEAM = 25EZUPR5QA;
				INFOPLIST_FILE = workshop1UITests/Info.plist;
				LD_RUNPATH_SEARCH_PATHS = "$(inherited) @executable_path/Frameworks @loader_path/Frameworks";
				PRODUCT_BUNDLE_IDENTIFIER = com.none.workshop1UITests;
				PRODUCT_NAME = "$(TARGET_NAME)";
				SWIFT_VERSION = 3.0;
				TEST_TARGET_NAME = workshop1;
			};
			name = Release;
		};
/* End XCBuildConfiguration section */

/* Begin XCConfigurationList section */
		2E48F0C01E23CBAD0038E83A /* Build configuration list for PBXProject "workshop1" */ = {
			isa = XCConfigurationList;
			buildConfigurations = (
				2E48F0EB1E23CBAD0038E83A /* Debug */,
				2E48F0EC1E23CBAD0038E83A /* Release */,
			);
			defaultConfigurationIsVisible = 0;
			defaultConfigurationName = Release;
		};
		2E48F0ED1E23CBAD0038E83A /* Build configuration list for PBXNativeTarget "workshop1" */ = {
			isa = XCConfigurationList;
			buildConfigurations = (
				2E48F0EE1E23CBAD0038E83A /* Debug */,
				2E48F0EF1E23CBAD0038E83A /* Release */,
			);
			defaultConfigurationIsVisible = 0;
			defaultConfigurationName = Release;
		};
		2E48F0F01E23CBAD0038E83A /* Build configuration list for PBXNativeTarget "workshop1Tests" */ = {
			isa = XCConfigurationList;
			buildConfigurations = (
				2E48F0F11E23CBAD0038E83A /* Debug */,
				2E48F0F21E23CBAD0038E83A /* Release */,
			);
			defaultConfigurationIsVisible = 0;
			defaultConfigurationName = Release;
		};
		2E48F0F31E23CBAD0038E83A /* Build configuration list for PBXNativeTarget "workshop1UITests" */ = {
			isa = XCConfigurationList;
			buildConfigurations = (
				2E48F0F41E23CBAD0038E83A /* Debug */,
				2E48F0F51E23CBAD0038E83A /* Release */,
			);
			defaultConfigurationIsVisible = 0;
			defaultConfigurationName = Release;
		};
/* End XCConfigurationList section */
	};
	rootObject = 2E48F0BD1E23CBAD0038E83A /* Project object */;
}
